
Microsoft Visual Studio Solution File, Format Version 12.00
Project("{FAE04EC0-301F-11D3-BF4B-00C04F79EFBC}") = "ArcheryMAS", "ArcheryMAS\ArcheryMAS.csproj", "{157DB9EE-2CCA-4728-943F-322CD48A143A}"
EndProject
Global
	GlobalSection(SolutionConfigurationPlatforms) = preSolution
		Debug|Any CPU = Debug|Any CPU
		Release|Any CPU = Release|Any CPU
	EndGlobalSection
	GlobalSection(ProjectConfigurationPlatforms) = postSolution
		{157DB9EE-2CCA-4728-943F-322CD48A143A}.Debug|Any CPU.ActiveCfg = Debug|Any CPU
		{157DB9EE-2CCA-4728-943F-322CD48A143A}.Debug|Any CPU.Build.0 = Debug|Any CPU
		{157DB9EE-2CCA-4728-943F-322CD48A143A}.Release|Any CPU.ActiveCfg = Release|Any CPU
		{157DB9EE-2CCA-4728-943F-322CD48A143A}.Release|Any CPU.Build.0 = Release|Any CPU
	EndGlobalSection
EndGlobal
